[[package]]
name = "hound"
version = "3.4.0"
source = "registry+https://github.com/rust-lang/crates.io-index"

[[package]]
name = "noaa-apt"
version = "0.1.0"
dependencies = [
 "hound 3.4.0 (registry+https://github.com/rust-lang/crates.io-index)",
 "rustfft 2.0.0 (registry+https://github.com/rust-lang/crates.io-index)",
]

[[package]]
name = "num-complex"
version = "0.1.43"
source = "registry+https://github.com/rust-lang/crates.io-index"
dependencies = [
 "num-traits 0.2.5 (registry+https://github.com/rust-lang/crates.io-index)",
 "rustc-serialize 0.3.24 (registry+https://github.com/rust-lang/crates.io-index)",
]

[[package]]
name = "num-traits"
version = "0.1.43"
source = "registry+https://github.com/rust-lang/crates.io-index"
dependencies = [
 "num-traits 0.2.5 (registry+https://github.com/rust-lang/crates.io-index)",
]

[[package]]
name = "num-traits"
version = "0.2.5"
source = "registry+https://github.com/rust-lang/crates.io-index"

[[package]]
name = "rustc-serialize"
version = "0.3.24"
source = "registry+https://github.com/rust-lang/crates.io-index"

[[package]]
name = "rustfft"
version = "2.0.0"
source = "registry+https://github.com/rust-lang/crates.io-index"
dependencies = [
 "num-complex 0.1.43 (registry+https://github.com/rust-lang/crates.io-index)",
 "num-traits 0.1.43 (registry+https://github.com/rust-lang/crates.io-index)",
]

[metadata]
"checksum hound 3.4.0 (registry+https://github.com/rust-lang/crates.io-index)" = "8a164bb2ceaeff4f42542bdb847c41517c78a60f5649671b2a07312b6e117549"
"checksum num-complex 0.1.43 (registry+https://github.com/rust-lang/crates.io-index)" = "b288631d7878aaf59442cffd36910ea604ecd7745c36054328595114001c9656"
"checksum num-traits 0.1.43 (registry+https://github.com/rust-lang/crates.io-index)" = "92e5113e9fd4cc14ded8e499429f396a20f98c772a47cc8622a736e1ec843c31"
"checksum num-traits 0.2.5 (registry+https://github.com/rust-lang/crates.io-index)" = "630de1ef5cc79d0cdd78b7e33b81f083cbfe90de0f4b2b2f07f905867c70e9fe"
"checksum rustc-serialize 0.3.24 (registry+https://github.com/rust-lang/crates.io-index)" = "dcf128d1287d2ea9d80910b5f1120d0b8eede3fbf1abe91c40d39ea7d51e6fda"
"checksum rustfft 2.0.0 (registry+https://github.com/rust-lang/crates.io-index)" = "7dc03728f9f3b5d4cacdaecee2ad9d3da56f8089b7f6b4edfac435afc90bcbec"
