[[package]]
name = "GSL"
version = "1.0.0"
source = "registry+https://github.com/rust-lang/crates.io-index"
dependencies = [
 "c_vec 1.0.12 (registry+https://github.com/rust-lang/crates.io-index)",
 "libc 0.2.42 (registry+https://github.com/rust-lang/crates.io-index)",
 "pkg-config 0.3.12 (registry+https://github.com/rust-lang/crates.io-index)",
]

[[package]]
name = "adler32"
version = "1.0.3"
source = "registry+https://github.com/rust-lang/crates.io-index"

[[package]]
name = "bitflags"
version = "1.0.3"
source = "registry+https://github.com/rust-lang/crates.io-index"

[[package]]
name = "byteorder"
version = "1.2.4"
source = "registry+https://github.com/rust-lang/crates.io-index"

[[package]]
name = "c_vec"
version = "1.0.12"
source = "registry+https://github.com/rust-lang/crates.io-index"

[[package]]
name = "deflate"
version = "0.7.18"
source = "registry+https://github.com/rust-lang/crates.io-index"
dependencies = [
 "adler32 1.0.3 (registry+https://github.com/rust-lang/crates.io-index)",
 "byteorder 1.2.4 (registry+https://github.com/rust-lang/crates.io-index)",
]

[[package]]
name = "gnuplot"
version = "0.0.26"
source = "registry+https://github.com/rust-lang/crates.io-index"

[[package]]
name = "hound"
version = "3.4.0"
source = "registry+https://github.com/rust-lang/crates.io-index"

[[package]]
name = "inflate"
version = "0.4.3"
source = "registry+https://github.com/rust-lang/crates.io-index"
dependencies = [
 "adler32 1.0.3 (registry+https://github.com/rust-lang/crates.io-index)",
]

[[package]]
name = "libc"
version = "0.2.42"
source = "registry+https://github.com/rust-lang/crates.io-index"

[[package]]
name = "noaa-apt"
version = "0.1.0"
dependencies = [
 "GSL 1.0.0 (registry+https://github.com/rust-lang/crates.io-index)",
 "gnuplot 0.0.26 (registry+https://github.com/rust-lang/crates.io-index)",
 "hound 3.4.0 (registry+https://github.com/rust-lang/crates.io-index)",
 "png 0.12.0 (registry+https://github.com/rust-lang/crates.io-index)",
]

[[package]]
name = "num-integer"
version = "0.1.39"
source = "registry+https://github.com/rust-lang/crates.io-index"
dependencies = [
 "num-traits 0.2.5 (registry+https://github.com/rust-lang/crates.io-index)",
]

[[package]]
name = "num-iter"
version = "0.1.37"
source = "registry+https://github.com/rust-lang/crates.io-index"
dependencies = [
 "num-integer 0.1.39 (registry+https://github.com/rust-lang/crates.io-index)",
 "num-traits 0.2.5 (registry+https://github.com/rust-lang/crates.io-index)",
]

[[package]]
name = "num-traits"
version = "0.2.5"
source = "registry+https://github.com/rust-lang/crates.io-index"

[[package]]
name = "pkg-config"
version = "0.3.12"
source = "registry+https://github.com/rust-lang/crates.io-index"

[[package]]
name = "png"
version = "0.12.0"
source = "registry+https://github.com/rust-lang/crates.io-index"
dependencies = [
 "bitflags 1.0.3 (registry+https://github.com/rust-lang/crates.io-index)",
 "deflate 0.7.18 (registry+https://github.com/rust-lang/crates.io-index)",
 "inflate 0.4.3 (registry+https://github.com/rust-lang/crates.io-index)",
 "num-iter 0.1.37 (registry+https://github.com/rust-lang/crates.io-index)",
]

[metadata]
"checksum GSL 1.0.0 (registry+https://github.com/rust-lang/crates.io-index)" = "2e70167131757876cda6ab95869b57ad6b55c627ff28421f5935f55f9b97d85c"
"checksum adler32 1.0.3 (registry+https://github.com/rust-lang/crates.io-index)" = "7e522997b529f05601e05166c07ed17789691f562762c7f3b987263d2dedee5c"
"checksum bitflags 1.0.3 (registry+https://github.com/rust-lang/crates.io-index)" = "d0c54bb8f454c567f21197eefcdbf5679d0bd99f2ddbe52e84c77061952e6789"
"checksum byteorder 1.2.4 (registry+https://github.com/rust-lang/crates.io-index)" = "8389c509ec62b9fe8eca58c502a0acaf017737355615243496cde4994f8fa4f9"
"checksum c_vec 1.0.12 (registry+https://github.com/rust-lang/crates.io-index)" = "aa9e1d9f7d49e289f36f19effbf3d5a5e30163ecf9c7a3c9be94d5374dec5b9a"
"checksum deflate 0.7.18 (registry+https://github.com/rust-lang/crates.io-index)" = "32c8120d981901a9970a3a1c97cf8b630e0fa8c3ca31e75b6fd6fd5f9f427b31"
"checksum gnuplot 0.0.26 (registry+https://github.com/rust-lang/crates.io-index)" = "94ced719051688349bcae457d79b0bb7a4f154ff53b5afef67be4c300651d913"
"checksum hound 3.4.0 (registry+https://github.com/rust-lang/crates.io-index)" = "8a164bb2ceaeff4f42542bdb847c41517c78a60f5649671b2a07312b6e117549"
"checksum inflate 0.4.3 (registry+https://github.com/rust-lang/crates.io-index)" = "6f53b811ee8e2057ccf9643ca6b4277de90efaf5e61e55fd5254576926bb4245"
"checksum libc 0.2.42 (registry+https://github.com/rust-lang/crates.io-index)" = "b685088df2b950fccadf07a7187c8ef846a959c142338a48f9dc0b94517eb5f1"
"checksum num-integer 0.1.39 (registry+https://github.com/rust-lang/crates.io-index)" = "e83d528d2677f0518c570baf2b7abdcf0cd2d248860b68507bdcb3e91d4c0cea"
"checksum num-iter 0.1.37 (registry+https://github.com/rust-lang/crates.io-index)" = "af3fdbbc3291a5464dc57b03860ec37ca6bf915ed6ee385e7c6c052c422b2124"
"checksum num-traits 0.2.5 (registry+https://github.com/rust-lang/crates.io-index)" = "630de1ef5cc79d0cdd78b7e33b81f083cbfe90de0f4b2b2f07f905867c70e9fe"
"checksum pkg-config 0.3.12 (registry+https://github.com/rust-lang/crates.io-index)" = "6a52e4dbc8354505ee07e484ab07127e06d87ca6fa7f0a516a2b294e5ad5ad16"
"checksum png 0.12.0 (registry+https://github.com/rust-lang/crates.io-index)" = "f54b9600d584d3b8a739e1662a595fab051329eff43f20e7d8cc22872962145b"
